
Microsoft Visual Studio Solution File, Format Version 12.00
# Visual Studio Version 16
VisualStudioVersion = 16.0.30517.126
MinimumVisualStudioVersion = 10.0.40219.1
Project("{9A19103F-16F7-4668-BE54-9A1E7A4F7556}") = "MoreStrings", "MoreStrings\MoreStrings.csproj", "{AD3AC14C-F42D-4A39-837B-8C35AA25A24F}"
EndProject
Project("{FAE04EC0-301F-11D3-BF4B-00C04F79EFBC}") = "DontPanic", "DontPanic\DontPanic.csproj", "{918B203B-870F-44BE-B590-FDD7B48D4779}"
EndProject
Project("{FAE04EC0-301F-11D3-BF4B-00C04F79EFBC}") = "DontPanicNCounter", "DontPanicNCounter\DontPanicNCounter.csproj", "{AEF544AB-BCB0-44A4-BEB1-83E143E21138}"
EndProject
Project("{FAE04EC0-301F-11D3-BF4B-00C04F79EFBC}") = "HOLCounter", "HOLCounter\HOLCounter.csproj", "{142C848B-4C81-4820-8E79-912793181844}"
EndProject
Global
	GlobalSection(SolutionConfigurationPlatforms) = preSolution
		Debug|Any CPU = Debug|Any CPU
		Release|Any CPU = Release|Any CPU
	EndGlobalSection
	GlobalSection(ProjectConfigurationPlatforms) = postSolution
		{AD3AC14C-F42D-4A39-837B-8C35AA25A24F}.Debug|Any CPU.ActiveCfg = Debug|Any CPU
		{AD3AC14C-F42D-4A39-837B-8C35AA25A24F}.Debug|Any CPU.Build.0 = Debug|Any CPU
		{AD3AC14C-F42D-4A39-837B-8C35AA25A24F}.Release|Any CPU.ActiveCfg = Release|Any CPU
		{AD3AC14C-F42D-4A39-837B-8C35AA25A24F}.Release|Any CPU.Build.0 = Release|Any CPU
		{918B203B-870F-44BE-B590-FDD7B48D4779}.Debug|Any CPU.ActiveCfg = Debug|Any CPU
		{918B203B-870F-44BE-B590-FDD7B48D4779}.Debug|Any CPU.Build.0 = Debug|Any CPU
		{918B203B-870F-44BE-B590-FDD7B48D4779}.Release|Any CPU.ActiveCfg = Release|Any CPU
		{918B203B-870F-44BE-B590-FDD7B48D4779}.Release|Any CPU.Build.0 = Release|Any CPU
		{AEF544AB-BCB0-44A4-BEB1-83E143E21138}.Debug|Any CPU.ActiveCfg = Debug|Any CPU
		{AEF544AB-BCB0-44A4-BEB1-83E143E21138}.Debug|Any CPU.Build.0 = Debug|Any CPU
		{AEF544AB-BCB0-44A4-BEB1-83E143E21138}.Release|Any CPU.ActiveCfg = Release|Any CPU
		{AEF544AB-BCB0-44A4-BEB1-83E143E21138}.Release|Any CPU.Build.0 = Release|Any CPU
		{142C848B-4C81-4820-8E79-912793181844}.Debug|Any CPU.ActiveCfg = Debug|Any CPU
		{142C848B-4C81-4820-8E79-912793181844}.Debug|Any CPU.Build.0 = Debug|Any CPU
		{142C848B-4C81-4820-8E79-912793181844}.Release|Any CPU.ActiveCfg = Release|Any CPU
		{142C848B-4C81-4820-8E79-912793181844}.Release|Any CPU.Build.0 = Release|Any CPU
	EndGlobalSection
	GlobalSection(SolutionProperties) = preSolution
		HideSolutionNode = FALSE
	EndGlobalSection
	GlobalSection(ExtensibilityGlobals) = postSolution
		SolutionGuid = {95989357-608F-43CA-A9C7-E5A05BFD91D2}
	EndGlobalSection
EndGlobal
